
Microsoft Visual Studio Solution File, Format Version 12.00
# Visual Studio Version 16
VisualStudioVersion = 16.0.33529.622
MinimumVisualStudioVersion = 10.0.40219.1
Project("{FAE04EC0-301F-11D3-BF4B-00C04F79EFBC}") = "lab1ex4", "lab1ex4\lab1ex4.csproj", "{1F10D0F8-C2F7-42D1-AD99-1223088BB9F4}"
EndProject
Global
	GlobalSection(SolutionConfigurationPlatforms) = preSolution
		Debug|Any CPU = Debug|Any CPU
		Release|Any CPU = Release|Any CPU
	EndGlobalSection
	GlobalSection(ProjectConfigurationPlatforms) = postSolution
		{1F10D0F8-C2F7-42D1-AD99-1223088BB9F4}.Debug|Any CPU.ActiveCfg = Debug|Any CPU
		{1F10D0F8-C2F7-42D1-AD99-1223088BB9F4}.Debug|Any CPU.Build.0 = Debug|Any CPU
		{1F10D0F8-C2F7-42D1-AD99-1223088BB9F4}.Release|Any CPU.ActiveCfg = Release|Any CPU
		{1F10D0F8-C2F7-42D1-AD99-1223088BB9F4}.Release|Any CPU.Build.0 = Release|Any CPU
	EndGlobalSection
	GlobalSection(SolutionProperties) = preSolution
		HideSolutionNode = FALSE
	EndGlobalSection
	GlobalSection(ExtensibilityGlobals) = postSolution
		SolutionGuid = {F10F7BF3-7807-4BC9-8576-AB50AB7120BD}
	EndGlobalSection
EndGlobal
